
Microsoft Visual Studio Solution File, Format Version 12.00
# Visual Studio Version 16
VisualStudioVersion = 16.0.33130.400
MinimumVisualStudioVersion = 10.0.40219.1
Project("{2150E333-8FDC-42A3-9474-1A3956D46DE8}") = "ChainOfResponsibiltyDesignPattern", "ChainOfResponsibiltyDesignPattern", "{7B2418E7-956E-44CE-A89F-F4FD9B713006}"
EndProject
Project("{FAE04EC0-301F-11D3-BF4B-00C04F79EFBC}") = "DesignPattern.ChainOfResponsibility", "ChainOfRepositoryDesignPattern\DesignPattern.ChainOfResponsibility\DesignPattern.ChainOfResponsibility.csproj", "{47006227-DF21-4F6C-9655-AEBFFCD50D1A}"
EndProject
Project("{2150E333-8FDC-42A3-9474-1A3956D46DE8}") = "CQRSDesignPattern", "CQRSDesignPattern", "{5E4A38F7-B983-4A77-8FF6-8E1DF65AE902}"
EndProject
Project("{FAE04EC0-301F-11D3-BF4B-00C04F79EFBC}") = "DesignPattern.CQRS", "CQRSDesignPattern\DesignPattern.CQRS\DesignPattern.CQRS.csproj", "{979028F4-AE96-4090-B78D-F8B2BF6AB018}"
EndProject
Project("{2150E333-8FDC-42A3-9474-1A3956D46DE8}") = "TemplateMethodDesignPattern", "TemplateMethodDesignPattern", "{3AE1F249-A468-4D9C-AD2A-2EE01244F0B9}"
EndProject
Project("{FAE04EC0-301F-11D3-BF4B-00C04F79EFBC}") = "DesignPattern.TemplateMethod", "TemplateMethodDesignPattern\DesignPattern.TemplateMethod\DesignPattern.TemplateMethod.csproj", "{B90D3EB1-810C-4D79-A06C-F655BD95CDEB}"
EndProject
Project("{2150E333-8FDC-42A3-9474-1A3956D46DE8}") = "ObserverDesignPattern", "ObserverDesignPattern", "{D343784F-4C93-4129-84E8-75EE8645238C}"
EndProject
Project("{FAE04EC0-301F-11D3-BF4B-00C04F79EFBC}") = "DesignPattern.Observer", "ObserverDesignPattern\DesignPattern.Observer\DesignPattern.Observer.csproj", "{4D649090-E8CF-4A95-A7EE-2BA0E0E93D8E}"
EndProject
Global
	GlobalSection(SolutionConfigurationPlatforms) = preSolution
		Debug|Any CPU = Debug|Any CPU
		Release|Any CPU = Release|Any CPU
	EndGlobalSection
	GlobalSection(ProjectConfigurationPlatforms) = postSolution
		{47006227-DF21-4F6C-9655-AEBFFCD50D1A}.Debug|Any CPU.ActiveCfg = Debug|Any CPU
		{47006227-DF21-4F6C-9655-AEBFFCD50D1A}.Debug|Any CPU.Build.0 = Debug|Any CPU
		{47006227-DF21-4F6C-9655-AEBFFCD50D1A}.Release|Any CPU.ActiveCfg = Release|Any CPU
		{47006227-DF21-4F6C-9655-AEBFFCD50D1A}.Release|Any CPU.Build.0 = Release|Any CPU
		{979028F4-AE96-4090-B78D-F8B2BF6AB018}.Debug|Any CPU.ActiveCfg = Debug|Any CPU
		{979028F4-AE96-4090-B78D-F8B2BF6AB018}.Debug|Any CPU.Build.0 = Debug|Any CPU
		{979028F4-AE96-4090-B78D-F8B2BF6AB018}.Release|Any CPU.ActiveCfg = Release|Any CPU
		{979028F4-AE96-4090-B78D-F8B2BF6AB018}.Release|Any CPU.Build.0 = Release|Any CPU
		{B90D3EB1-810C-4D79-A06C-F655BD95CDEB}.Debug|Any CPU.ActiveCfg = Debug|Any CPU
		{B90D3EB1-810C-4D79-A06C-F655BD95CDEB}.Debug|Any CPU.Build.0 = Debug|Any CPU
		{B90D3EB1-810C-4D79-A06C-F655BD95CDEB}.Release|Any CPU.ActiveCfg = Release|Any CPU
		{B90D3EB1-810C-4D79-A06C-F655BD95CDEB}.Release|Any CPU.Build.0 = Release|Any CPU
		{4D649090-E8CF-4A95-A7EE-2BA0E0E93D8E}.Debug|Any CPU.ActiveCfg = Debug|Any CPU
		{4D649090-E8CF-4A95-A7EE-2BA0E0E93D8E}.Debug|Any CPU.Build.0 = Debug|Any CPU
		{4D649090-E8CF-4A95-A7EE-2BA0E0E93D8E}.Release|Any CPU.ActiveCfg = Release|Any CPU
		{4D649090-E8CF-4A95-A7EE-2BA0E0E93D8E}.Release|Any CPU.Build.0 = Release|Any CPU
	EndGlobalSection
	GlobalSection(SolutionProperties) = preSolution
		HideSolutionNode = FALSE
	EndGlobalSection
	GlobalSection(NestedProjects) = preSolution
		{47006227-DF21-4F6C-9655-AEBFFCD50D1A} = {7B2418E7-956E-44CE-A89F-F4FD9B713006}
		{979028F4-AE96-4090-B78D-F8B2BF6AB018} = {5E4A38F7-B983-4A77-8FF6-8E1DF65AE902}
		{B90D3EB1-810C-4D79-A06C-F655BD95CDEB} = {3AE1F249-A468-4D9C-AD2A-2EE01244F0B9}
		{4D649090-E8CF-4A95-A7EE-2BA0E0E93D8E} = {D343784F-4C93-4129-84E8-75EE8645238C}
	EndGlobalSection
	GlobalSection(ExtensibilityGlobals) = postSolution
		SolutionGuid = {35C52BEC-EE63-4E8F-A36A-7BDE37D3C78B}
	EndGlobalSection
EndGlobal
